
Microsoft Visual Studio Solution File, Format Version 12.00
# Visual Studio Version 17
VisualStudioVersion = 17.4.33213.308
MinimumVisualStudioVersion = 10.0.40219.1
Project("{FAE04EC0-301F-11D3-BF4B-00C04F79EFBC}") = "CalculadoraDeCalorias", "CalculadoraDeCalorias\CalculadoraDeCalorias.csproj", "{0FECCC08-0E47-4BD9-8602-D7527065805E}"
EndProject
Global
	GlobalSection(SolutionConfigurationPlatforms) = preSolution
		Debug|Any CPU = Debug|Any CPU
		Release|Any CPU = Release|Any CPU
	EndGlobalSection
	GlobalSection(ProjectConfigurationPlatforms) = postSolution
		{0FECCC08-0E47-4BD9-8602-D7527065805E}.Debug|Any CPU.ActiveCfg = Debug|Any CPU
		{0FECCC08-0E47-4BD9-8602-D7527065805E}.Debug|Any CPU.Build.0 = Debug|Any CPU
		{0FECCC08-0E47-4BD9-8602-D7527065805E}.Release|Any CPU.ActiveCfg = Release|Any CPU
		{0FECCC08-0E47-4BD9-8602-D7527065805E}.Release|Any CPU.Build.0 = Release|Any CPU
	EndGlobalSection
	GlobalSection(SolutionProperties) = preSolution
		HideSolutionNode = FALSE
	EndGlobalSection
	GlobalSection(ExtensibilityGlobals) = postSolution
		SolutionGuid = {B8D11588-972B-4E09-B983-8BD60691E19E}
	EndGlobalSection
EndGlobal
